// !$*UTF8*$!
{
	archiveVersion = 1;
	classes = {
	};
	objectVersion = 46;
	objects = {

/* Begin PBXBuildFile section */
		C48AC8F91B46358F006E03E2 /* Playlist.m in Sources */ = {isa = PBXBuildFile; fileRef = C48AC8F81B46358F006E03E2 /* Playlist.m */; };
		C4A00F801B44A2E000C8A43F /* MusicLibrary.m in Sources */ = {isa = PBXBuildFile; fileRef = C4A00F7F1B44A2E000C8A43F /* MusicLibrary.m */; };
		C4D4242D1B444434007C7C07 /* main.m in Sources */ = {isa = PBXBuildFile; fileRef = C4D4242C1B444434007C7C07 /* main.m */; };
		C4D424301B444434007C7C07 /* AppDelegate.m in Sources */ = {isa = PBXBuildFile; fileRef = C4D4242F1B444434007C7C07 /* AppDelegate.m */; };
		C4D424331B444434007C7C07 /* PlaylistMasterViewController.m in Sources */ = {isa = PBXBuildFile; fileRef = C4D424321B444434007C7C07 /* PlaylistMasterViewController.m */; };
		C4D424361B444434007C7C07 /* Main.storyboard in Resources */ = {isa = PBXBuildFile; fileRef = C4D424341B444434007C7C07 /* Main.storyboard */; };
		C4D424381B444434007C7C07 /* Images.xcassets in Resources */ = {isa = PBXBuildFile; fileRef = C4D424371B444434007C7C07 /* Images.xcassets */; };
		C4D4243B1B444434007C7C07 /* LaunchScreen.xib in Resources */ = {isa = PBXBuildFile; fileRef = C4D424391B444434007C7C07 /* LaunchScreen.xib */; };
		C4D424471B444434007C7C07 /* AlgorhythmTests.m in Sources */ = {isa = PBXBuildFile; fileRef = C4D424461B444434007C7C07 /* AlgorhythmTests.m */; };
		C4D424551B445214007C7C07 /* PlaylistDetailViewController.m in Sources */ = {isa = PBXBuildFile; fileRef = C4D424541B445214007C7C07 /* PlaylistDetailViewController.m */; };
/* End PBXBuildFile section */

/* Begin PBXContainerItemProxy section */
		C4D424411B444434007C7C07 /* PBXContainerItemProxy */ = {
			isa = PBXContainerItemProxy;
			containerPortal = C4D4241F1B444434007C7C07 /* Project object */;
			proxyType = 1;
			remoteGlobalIDString = C4D424261B444434007C7C07;
			remoteInfo = Algorhythm;
		};
/* End PBXContainerItemProxy section */

/* Begin PBXFileReference section */
		C48AC8F71B46358F006E03E2 /* Playlist.h */ = {isa = PBXFileReference; fileEncoding = 4; lastKnownFileType = sourcecode.c.h; path = Playlist.h; sourceTree = "<group>"; };
		C48AC8F81B46358F006E03E2 /* Playlist.m */ = {isa = PBXFileReference; fileEncoding = 4; lastKnownFileType = sourcecode.c.objc; path = Playlist.m; sourceTree = "<group>"; };
		C4A00F7E1B44A2E000C8A43F /* MusicLibrary.h */ = {isa = PBXFileReference; fileEncoding = 4; lastKnownFileType = sourcecode.c.h; path = MusicLibrary.h; sourceTree = "<group>"; };
		C4A00F7F1B44A2E000C8A43F /* MusicLibrary.m */ = {isa = PBXFileReference; fileEncoding = 4; lastKnownFileType = sourcecode.c.objc; path = MusicLibrary.m; sourceTree = "<group>"; };
		C4D424271B444434007C7C07 /* Algorhythm.app */ = {isa = PBXFileReference; explicitFileType = wrapper.application; includeInIndex = 0; path = Algorhythm.app; sourceTree = BUILT_PRODUCTS_DIR; };
		C4D4242B1B444434007C7C07 /* Info.plist */ = {isa = PBXFileReference; lastKnownFileType = text.plist.xml; path = Info.plist; sourceTree = "<group>"; };
		C4D4242C1B444434007C7C07 /* main.m */ = {isa = PBXFileReference; lastKnownFileType = sourcecode.c.objc; path = main.m; sourceTree = "<group>"; };
		C4D4242E1B444434007C7C07 /* AppDelegate.h */ = {isa = PBXFileReference; lastKnownFileType = sourcecode.c.h; path = AppDelegate.h; sourceTree = "<group>"; };
		C4D4242F1B444434007C7C07 /* AppDelegate.m */ = {isa = PBXFileReference; lastKnownFileType = sourcecode.c.objc; path = AppDelegate.m; sourceTree = "<group>"; };
		C4D424311B444434007C7C07 /* PlaylistMasterViewController.h */ = {isa = PBXFileReference; lastKnownFileType = sourcecode.c.h; path = PlaylistMasterViewController.h; sourceTree = "<group>"; };
		C4D424321B444434007C7C07 /* PlaylistMasterViewController.m */ = {isa = PBXFileReference; lastKnownFileType = sourcecode.c.objc; path = PlaylistMasterViewController.m; sourceTree = "<group>"; };
		C4D424351B444434007C7C07 /* Base */ = {isa = PBXFileReference; lastKnownFileType = file.storyboard; name = Base; path = Base.lproj/Main.storyboard; sourceTree = "<group>"; };
		C4D424371B444434007C7C07 /* Images.xcassets */ = {isa = PBXFileReference; lastKnownFileType = folder.assetcatalog; path = Images.xcassets; sourceTree = "<group>"; };
		C4D4243A1B444434007C7C07 /* Base */ = {isa = PBXFileReference; lastKnownFileType = file.xib; name = Base; path = Base.lproj/LaunchScreen.xib; sourceTree = "<group>"; };
		C4D424401B444434007C7C07 /* AlgorhythmTests.xctest */ = {isa = PBXFileReference; explicitFileType = wrapper.cfbundle; includeInIndex = 0; path = AlgorhythmTests.xctest; sourceTree = BUILT_PRODUCTS_DIR; };
		C4D424451B444434007C7C07 /* Info.plist */ = {isa = PBXFileReference; lastKnownFileType = text.plist.xml; path = Info.plist; sourceTree = "<group>"; };
		C4D424461B444434007C7C07 /* AlgorhythmTests.m */ = {isa = PBXFileReference; lastKnownFileType = sourcecode.c.objc; path = AlgorhythmTests.m; sourceTree = "<group>"; };
		C4D424531B445214007C7C07 /* PlaylistDetailViewController.h */ = {isa = PBXFileReference; fileEncoding = 4; lastKnownFileType = sourcecode.c.h; path = PlaylistDetailViewController.h; sourceTree = "<group>"; };
		C4D424541B445214007C7C07 /* PlaylistDetailViewController.m */ = {isa = PBXFileReference; fileEncoding = 4; lastKnownFileType = sourcecode.c.objc; path = PlaylistDetailViewController.m; sourceTree = "<group>"; };
/* End PBXFileReference section */

/* Begin PBXFrameworksBuildPhase section */
		C4D424241B444434007C7C07 /* Frameworks */ = {
			isa = PBXFrameworksBuildPhase;
			buildActionMask = 2147483647;
			files = (
			);
			runOnlyForDeploymentPostprocessing = 0;
		};
		C4D4243D1B444434007C7C07 /* Frameworks */ = {
			isa = PBXFrameworksBuildPhase;
			buildActionMask = 2147483647;
			files = (
			);
			runOnlyForDeploymentPostprocessing = 0;
		};
/* End PBXFrameworksBuildPhase section */

/* Begin PBXGroup section */
		C4D4241E1B444434007C7C07 = {
			isa = PBXGroup;
			children = (
				C4D424291B444434007C7C07 /* Algorhythm */,
				C4D424431B444434007C7C07 /* AlgorhythmTests */,
				C4D424281B444434007C7C07 /* Products */,
			);
			sourceTree = "<group>";
		};
		C4D424281B444434007C7C07 /* Products */ = {
			isa = PBXGroup;
			children = (
				C4D424271B444434007C7C07 /* Algorhythm.app */,
				C4D424401B444434007C7C07 /* AlgorhythmTests.xctest */,
			);
			name = Products;
			sourceTree = "<group>";
		};
		C4D424291B444434007C7C07 /* Algorhythm */ = {
			isa = PBXGroup;
			children = (
				C4D4242E1B444434007C7C07 /* AppDelegate.h */,
				C4D4242F1B444434007C7C07 /* AppDelegate.m */,
				C4D424311B444434007C7C07 /* PlaylistMasterViewController.h */,
				C4D424321B444434007C7C07 /* PlaylistMasterViewController.m */,
				C4D424531B445214007C7C07 /* PlaylistDetailViewController.h */,
				C4D424541B445214007C7C07 /* PlaylistDetailViewController.m */,
				C4A00F7E1B44A2E000C8A43F /* MusicLibrary.h */,
				C4A00F7F1B44A2E000C8A43F /* MusicLibrary.m */,
				C48AC8F71B46358F006E03E2 /* Playlist.h */,
				C48AC8F81B46358F006E03E2 /* Playlist.m */,
				C4D424341B444434007C7C07 /* Main.storyboard */,
				C4D424371B444434007C7C07 /* Images.xcassets */,
				C4D424391B444434007C7C07 /* LaunchScreen.xib */,
				C4D4242A1B444434007C7C07 /* Supporting Files */,
			);
			path = Algorhythm;
			sourceTree = "<group>";
		};
		C4D4242A1B444434007C7C07 /* Supporting Files */ = {
			isa = PBXGroup;
			children = (
				C4D4242B1B444434007C7C07 /* Info.plist */,
				C4D4242C1B444434007C7C07 /* main.m */,
			);
			name = "Supporting Files";
			sourceTree = "<group>";
		};
		C4D424431B444434007C7C07 /* AlgorhythmTests */ = {
			isa = PBXGroup;
			children = (
				C4D424461B444434007C7C07 /* AlgorhythmTests.m */,
				C4D424441B444434007C7C07 /* Supporting Files */,
			);
			path = AlgorhythmTests;
			sourceTree = "<group>";
		};
		C4D424441B444434007C7C07 /* Supporting Files */ = {
			isa = PBXGroup;
			children = (
				C4D424451B444434007C7C07 /* Info.plist */,
			);
			name = "Supporting Files";
			sourceTree = "<group>";
		};
/* End PBXGroup section */

/* Begin PBXNativeTarget section */
		C4D424261B444434007C7C07 /* Algorhythm */ = {
			isa = PBXNativeTarget;
			buildConfigurationList = C4D4244A1B444434007C7C07 /* Build configuration list for PBXNativeTarget "Algorhythm" */;
			buildPhases = (
				C4D424231B444434007C7C07 /* Sources */,
				C4D424241B444434007C7C07 /* Frameworks */,
				C4D424251B444434007C7C07 /* Resources */,
			);
			buildRules = (
			);
			dependencies = (
			);
			name = Algorhythm;
			productName = Algorhythm;
			productReference = C4D424271B444434007C7C07 /* Algorhythm.app */;
			productType = "com.apple.product-type.application";
		};
		C4D4243F1B444434007C7C07 /* AlgorhythmTests */ = {
			isa = PBXNativeTarget;
			buildConfigurationList = C4D4244D1B444434007C7C07 /* Build configuration list for PBXNativeTarget "AlgorhythmTests" */;
			buildPhases = (
				C4D4243C1B444434007C7C07 /* Sources */,
				C4D4243D1B444434007C7C07 /* Frameworks */,
				C4D4243E1B444434007C7C07 /* Resources */,
			);
			buildRules = (
			);
			dependencies = (
				C4D424421B444434007C7C07 /* PBXTargetDependency */,
			);
			name = AlgorhythmTests;
			productName = AlgorhythmTests;
			productReference = C4D424401B444434007C7C07 /* AlgorhythmTests.xctest */;
			productType = "com.apple.product-type.bundle.unit-test";
		};
/* End PBXNativeTarget section */

/* Begin PBXProject section */
		C4D4241F1B444434007C7C07 /* Project object */ = {
			isa = PBXProject;
			attributes = {
				LastUpgradeCheck = 0630;
				ORGANIZATIONNAME = "Tuba Abbasi";
				TargetAttributes = {
					C4D424261B444434007C7C07 = {
						CreatedOnToolsVersion = 6.3.2;
					};
					C4D4243F1B444434007C7C07 = {
						CreatedOnToolsVersion = 6.3.2;
						TestTargetID = C4D424261B444434007C7C07;
					};
				};
			};
			buildConfigurationList = C4D424221B444434007C7C07 /* Build configuration list for PBXProject "Algorhythm" */;
			compatibilityVersion = "Xcode 3.2";
			developmentRegion = English;
			hasScannedForEncodings = 0;
			knownRegions = (
				en,
				Base,
			);
			mainGroup = C4D4241E1B444434007C7C07;
			productRefGroup = C4D424281B444434007C7C07 /* Products */;
			projectDirPath = "";
			projectRoot = "";
			targets = (
				C4D424261B444434007C7C07 /* Algorhythm */,
				C4D4243F1B444434007C7C07 /* AlgorhythmTests */,
			);
		};
/* End PBXProject section */

/* Begin PBXResourcesBuildPhase section */
		C4D424251B444434007C7C07 /* Resources */ = {
			isa = PBXResourcesBuildPhase;
			buildActionMask = 2147483647;
			files = (
				C4D424361B444434007C7C07 /* Main.storyboard in Resources */,
				C4D4243B1B444434007C7C07 /* LaunchScreen.xib in Resources */,
				C4D424381B444434007C7C07 /* Images.xcassets in Resources */,
			);
			runOnlyForDeploymentPostprocessing = 0;
		};
		C4D4243E1B444434007C7C07 /* Resources */ = {
			isa = PBXResourcesBuildPhase;
			buildActionMask = 2147483647;
			files = (
			);
			runOnlyForDeploymentPostprocessing = 0;
		};
/* End PBXResourcesBuildPhase section */

/* Begin PBXSourcesBuildPhase section */
		C4D424231B444434007C7C07 /* Sources */ = {
			isa = PBXSourcesBuildPhase;
			buildActionMask = 2147483647;
			files = (
				C4D424331B444434007C7C07 /* PlaylistMasterViewController.m in Sources */,
				C48AC8F91B46358F006E03E2 /* Playlist.m in Sources */,
				C4D424551B445214007C7C07 /* PlaylistDetailViewController.m in Sources */,
				C4D424301B444434007C7C07 /* AppDelegate.m in Sources */,
				C4D4242D1B444434007C7C07 /* main.m in Sources */,
				C4A00F801B44A2E000C8A43F /* MusicLibrary.m in Sources */,
			);
			runOnlyForDeploymentPostprocessing = 0;
		};
		C4D4243C1B444434007C7C07 /* Sources */ = {
			isa = PBXSourcesBuildPhase;
			buildActionMask = 2147483647;
			files = (
				C4D424471B444434007C7C07 /* AlgorhythmTests.m in Sources */,
			);
			runOnlyForDeploymentPostprocessing = 0;
		};
/* End PBXSourcesBuildPhase section */

/* Begin PBXTargetDependency section */
		C4D424421B444434007C7C07 /* PBXTargetDependency */ = {
			isa = PBXTargetDependency;
			target = C4D424261B444434007C7C07 /* Algorhythm */;
			targetProxy = C4D424411B444434007C7C07 /* PBXContainerItemProxy */;
		};
/* End PBXTargetDependency section */

/* Begin PBXVariantGroup section */
		C4D424341B444434007C7C07 /* Main.storyboard */ = {
			isa = PBXVariantGroup;
			children = (
				C4D424351B444434007C7C07 /* Base */,
			);
			name = Main.storyboard;
			sourceTree = "<group>";
		};
		C4D424391B444434007C7C07 /* LaunchScreen.xib */ = {
			isa = PBXVariantGroup;
			children = (
				C4D4243A1B444434007C7C07 /* Base */,
			);
			name = LaunchScreen.xib;
			sourceTree = "<group>";
		};
/* End PBXVariantGroup section */

/* Begin XCBuildConfiguration section */
		C4D424481B444434007C7C07 /* Debug */ = {
			isa = XCBuildConfiguration;
			buildSettings = {
				ALWAYS_SEARCH_USER_PATHS = NO;
				CLANG_CXX_LANGUAGE_STANDARD = "gnu++0x";
				CLANG_CXX_LIBRARY = "libc++";
				CLANG_ENABLE_MODULES = YES;
				CLANG_ENABLE_OBJC_ARC = YES;
				CLANG_WARN_BOOL_CONVERSION = YES;
				CLANG_WARN_CONSTANT_CONVERSION = YES;
				CLANG_WARN_DIRECT_OBJC_ISA_USAGE = YES_ERROR;
				CLANG_WARN_EMPTY_BODY = YES;
				CLANG_WARN_ENUM_CONVERSION = YES;
				CLANG_WARN_INT_CONVERSION = YES;
				CLANG_WARN_OBJC_ROOT_CLASS = YES_ERROR;
				CLANG_WARN_UNREACHABLE_CODE = YES;
				CLANG_WARN__DUPLICATE_METHOD_MATCH = YES;
				"CODE_SIGN_IDENTITY[sdk=iphoneos*]" = "iPhone Developer";
				COPY_PHASE_STRIP = NO;
				DEBUG_INFORMATION_FORMAT = "dwarf-with-dsym";
				ENABLE_STRICT_OBJC_MSGSEND = YES;
				GCC_C_LANGUAGE_STANDARD = gnu99;
				GCC_DYNAMIC_NO_PIC = NO;
				GCC_NO_COMMON_BLOCKS = YES;
				GCC_OPTIMIZATION_LEVEL = 0;
				GCC_PREPROCESSOR_DEFINITIONS = (
					"DEBUG=1",
					"$(inherited)",
				);
				GCC_SYMBOLS_PRIVATE_EXTERN = NO;
				GCC_WARN_64_TO_32_BIT_CONVERSION = YES;
				GCC_WARN_ABOUT_RETURN_TYPE = YES_ERROR;
				GCC_WARN_UNDECLARED_SELECTOR = YES;
				GCC_WARN_UNINITIALIZED_AUTOS = YES_AGGRESSIVE;
				GCC_WARN_UNUSED_FUNCTION = YES;
				GCC_WARN_UNUSED_VARIABLE = YES;
				IPHONEOS_DEPLOYMENT_TARGET = 8.3;
				MTL_ENABLE_DEBUG_INFO = YES;
				ONLY_ACTIVE_ARCH = YES;
				SDKROOT = iphoneos;
			};
			name = Debug;
		};
		C4D424491B444434007C7C07 /* Release */ = {
			isa = XCBuildConfiguration;
			buildSettings = {
				ALWAYS_SEARCH_USER_PATHS = NO;
				CLANG_CXX_LANGUAGE_STANDARD = "gnu++0x";
				CLANG_CXX_LIBRARY = "libc++";
				CLANG_ENABLE_MODULES = YES;
				CLANG_ENABLE_OBJC_ARC = YES;
				CLANG_WARN_BOOL_CONVERSION = YES;
				CLANG_WARN_CONSTANT_CONVERSION = YES;
				CLANG_WARN_DIRECT_OBJC_ISA_USAGE = YES_ERROR;
				CLANG_WARN_EMPTY_BODY = YES;
				CLANG_WARN_ENUM_CONVERSION = YES;
				CLANG_WARN_INT_CONVERSION = YES;
				CLANG_WARN_OBJC_ROOT_CLASS = YES_ERROR;
				CLANG_WARN_UNREACHABLE_CODE = YES;
				CLANG_WARN__DUPLICATE_METHOD_MATCH = YES;
				"CODE_SIGN_IDENTITY[sdk=iphoneos*]" = "iPhone Developer";
				COPY_PHASE_STRIP = NO;
				DEBUG_INFORMATION_FORMAT = "dwarf-with-dsym";
				ENABLE_NS_ASSERTIONS = NO;
				ENABLE_STRICT_OBJC_MSGSEND = YES;
				GCC_C_LANGUAGE_STANDARD = gnu99;
				GCC_NO_COMMON_BLOCKS = YES;
				GCC_WARN_64_TO_32_BIT_CONVERSION = YES;
				GCC_WARN_ABOUT_RETURN_TYPE = YES_ERROR;
				GCC_WARN_UNDECLARED_SELECTOR = YES;
				GCC_WARN_UNINITIALIZED_AUTOS = YES_AGGRESSIVE;
				GCC_WARN_UNUSED_FUNCTION = YES;
				GCC_WARN_UNUSED_VARIABLE = YES;
				IPHONEOS_DEPLOYMENT_TARGET = 8.3;
				MTL_ENABLE_DEBUG_INFO = NO;
				SDKROOT = iphoneos;
				VALIDATE_PRODUCT = YES;
			};
			name = Release;
		};
		C4D4244B1B444434007C7C07 /* Debug */ = {
			isa = XCBuildConfiguration;
			buildSettings = {
				ASSETCATALOG_COMPILER_APPICON_NAME = AppIcon;
				INFOPLIST_FILE = Algorhythm/Info.plist;
				LD_RUNPATH_SEARCH_PATHS = "$(inherited) @executable_path/Frameworks";
				PRODUCT_NAME = "$(TARGET_NAME)";
			};
			name = Debug;
		};
		C4D4244C1B444434007C7C07 /* Release */ = {
			isa = XCBuildConfiguration;
			buildSettings = {
				ASSETCATALOG_COMPILER_APPICON_NAME = AppIcon;
				INFOPLIST_FILE = Algorhythm/Info.plist;
				LD_RUNPATH_SEARCH_PATHS = "$(inherited) @executable_path/Frameworks";
				PRODUCT_NAME = "$(TARGET_NAME)";
			};
			name = Release;
		};
		C4D4244E1B444434007C7C07 /* Debug */ = {
			isa = XCBuildConfiguration;
			buildSettings = {
				BUNDLE_LOADER = "$(TEST_HOST)";
				FRAMEWORK_SEARCH_PATHS = (
					"$(SDKROOT)/Developer/Library/Frameworks",
					"$(inherited)",
				);
				GCC_PREPROCESSOR_DEFINITIONS = (
					"DEBUG=1",
					"$(inherited)",
				);
				INFOPLIST_FILE = AlgorhythmTests/Info.plist;
				LD_RUNPATH_SEARCH_PATHS = "$(inherited) @executable_path/Frameworks @loader_path/Frameworks";
				PRODUCT_NAME = "$(TARGET_NAME)";
				TEST_HOST = "$(BUILT_PRODUCTS_DIR)/Algorhythm.app/Algorhythm";
			};
			name = Debug;
		};
		C4D4244F1B444434007C7C07 /* Release */ = {
			isa = XCBuildConfiguration;
			buildSettings = {
				BUNDLE_LOADER = "$(TEST_HOST)";
				FRAMEWORK_SEARCH_PATHS = (
					"$(SDKROOT)/Developer/Library/Frameworks",
					"$(inherited)",
				);
				INFOPLIST_FILE = AlgorhythmTests/Info.plist;
				LD_RUNPATH_SEARCH_PATHS = "$(inherited) @executable_path/Frameworks @loader_path/Frameworks";
				PRODUCT_NAME = "$(TARGET_NAME)";
				TEST_HOST = "$(BUILT_PRODUCTS_DIR)/Algorhythm.app/Algorhythm";
			};
			name = Release;
		};
/* End XCBuildConfiguration section */

/* Begin XCConfigurationList section */
		C4D424221B444434007C7C07 /* Build configuration list for PBXProject "Algorhythm" */ = {
			isa = XCConfigurationList;
			buildConfigurations = (
				C4D424481B444434007C7C07 /* Debug */,
				C4D424491B444434007C7C07 /* Release */,
			);
			defaultConfigurationIsVisible = 0;
			defaultConfigurationName = Release;
		};
		C4D4244A1B444434007C7C07 /* Build configuration list for PBXNativeTarget "Algorhythm" */ = {
			isa = XCConfigurationList;
			buildConfigurations = (
				C4D4244B1B444434007C7C07 /* Debug */,
				C4D4244C1B444434007C7C07 /* Release */,
			);
			defaultConfigurationIsVisible = 0;
			defaultConfigurationName = Release;
		};
		C4D4244D1B444434007C7C07 /* Build configuration list for PBXNativeTarget "AlgorhythmTests" */ = {
			isa = XCConfigurationList;
			buildConfigurations = (
				C4D4244E1B444434007C7C07 /* Debug */,
				C4D4244F1B444434007C7C07 /* Release */,
			);
			defaultConfigurationIsVisible = 0;
			defaultConfigurationName = Release;
		};
/* End XCConfigurationList section */
	};
	rootObject = C4D4241F1B444434007C7C07 /* Project object */;
}
